
Microsoft Visual Studio Solution File, Format Version 12.00
# Visual Studio Version 16
VisualStudioVersion = 16.0.30804.86
MinimumVisualStudioVersion = 10.0.40219.1
Project("{9A19103F-16F7-4668-BE54-9A1E7A4F7556}") = "UI_Layer", "UI_Layer\UI_Layer.csproj", "{96D3F628-A9DA-4CD5-990C-A8CA4A29818B}"
EndProject
Project("{9A19103F-16F7-4668-BE54-9A1E7A4F7556}") = "ApplicationCore", "ApplicationCore\ApplicationCore.csproj", "{F8901768-D7B3-4D62-9C0C-53C37495AA52}"
EndProject
Project("{00D1A9C2-B5F0-4AF3-8072-F6C62B433612}") = "myBeerDb", "myBeerDb\myBeerDb.sqlproj", "{5BA388D0-097C-4544-A952-9C1974A01D3B}"
EndProject
Project("{2150E333-8FDC-42A3-9474-1A3956D46DE8}") = "Solution Items", "Solution Items", "{E6EEEA98-E9D1-493F-822B-F50E14041399}"
	ProjectSection(SolutionItems) = preProject
		.gitignore = .gitignore
	EndProjectSection
EndProject
Global
	GlobalSection(SolutionConfigurationPlatforms) = preSolution
		Debug|Any CPU = Debug|Any CPU
		Release|Any CPU = Release|Any CPU
	EndGlobalSection
	GlobalSection(ProjectConfigurationPlatforms) = postSolution
		{96D3F628-A9DA-4CD5-990C-A8CA4A29818B}.Debug|Any CPU.ActiveCfg = Debug|Any CPU
		{96D3F628-A9DA-4CD5-990C-A8CA4A29818B}.Debug|Any CPU.Build.0 = Debug|Any CPU
		{96D3F628-A9DA-4CD5-990C-A8CA4A29818B}.Release|Any CPU.ActiveCfg = Release|Any CPU
		{96D3F628-A9DA-4CD5-990C-A8CA4A29818B}.Release|Any CPU.Build.0 = Release|Any CPU
		{F8901768-D7B3-4D62-9C0C-53C37495AA52}.Debug|Any CPU.ActiveCfg = Debug|Any CPU
		{F8901768-D7B3-4D62-9C0C-53C37495AA52}.Debug|Any CPU.Build.0 = Debug|Any CPU
		{F8901768-D7B3-4D62-9C0C-53C37495AA52}.Release|Any CPU.ActiveCfg = Release|Any CPU
		{F8901768-D7B3-4D62-9C0C-53C37495AA52}.Release|Any CPU.Build.0 = Release|Any CPU
		{5BA388D0-097C-4544-A952-9C1974A01D3B}.Debug|Any CPU.ActiveCfg = Debug|Any CPU
		{5BA388D0-097C-4544-A952-9C1974A01D3B}.Debug|Any CPU.Build.0 = Debug|Any CPU
		{5BA388D0-097C-4544-A952-9C1974A01D3B}.Debug|Any CPU.Deploy.0 = Debug|Any CPU
		{5BA388D0-097C-4544-A952-9C1974A01D3B}.Release|Any CPU.ActiveCfg = Release|Any CPU
		{5BA388D0-097C-4544-A952-9C1974A01D3B}.Release|Any CPU.Build.0 = Release|Any CPU
		{5BA388D0-097C-4544-A952-9C1974A01D3B}.Release|Any CPU.Deploy.0 = Release|Any CPU
	EndGlobalSection
	GlobalSection(SolutionProperties) = preSolution
		HideSolutionNode = FALSE
	EndGlobalSection
	GlobalSection(ExtensibilityGlobals) = postSolution
		SolutionGuid = {EC30E8D5-8B01-4F64-BF88-552DBC5F3661}
	EndGlobalSection
EndGlobal
